
Microsoft Visual Studio Solution File, Format Version 12.00
# Visual Studio Version 16
VisualStudioVersion = 16.0.30204.135
MinimumVisualStudioVersion = 10.0.40219.1
Project("{FAE04EC0-301F-11D3-BF4B-00C04F79EFBC}") = "2020 Assessment Dog VS Frog", "2020 Assessment Dog VS Frog\2020 Assessment Dog VS Frog.csproj", "{267C45E2-B4E2-4007-9D60-8756B5480BCB}"
EndProject
Global
	GlobalSection(SolutionConfigurationPlatforms) = preSolution
		Debug|Any CPU = Debug|Any CPU
		Release|Any CPU = Release|Any CPU
	EndGlobalSection
	GlobalSection(ProjectConfigurationPlatforms) = postSolution
		{267C45E2-B4E2-4007-9D60-8756B5480BCB}.Debug|Any CPU.ActiveCfg = Debug|Any CPU
		{267C45E2-B4E2-4007-9D60-8756B5480BCB}.Debug|Any CPU.Build.0 = Debug|Any CPU
		{267C45E2-B4E2-4007-9D60-8756B5480BCB}.Release|Any CPU.ActiveCfg = Release|Any CPU
		{267C45E2-B4E2-4007-9D60-8756B5480BCB}.Release|Any CPU.Build.0 = Release|Any CPU
	EndGlobalSection
	GlobalSection(SolutionProperties) = preSolution
		HideSolutionNode = FALSE
	EndGlobalSection
	GlobalSection(ExtensibilityGlobals) = postSolution
		SolutionGuid = {4FF1EAF4-81A3-4148-879B-93116BC42CC0}
	EndGlobalSection
EndGlobal
